
Microsoft Visual Studio Solution File, Format Version 11.00
# Visual Studio 2010
Project("{FAE04EC0-301F-11D3-BF4B-00C04F79EFBC}") = "TreeViewTest", "TreeViewTest\TreeViewTest.csproj", "{EEE120CD-90A4-4F85-AB74-04CA4AB72AC3}"
EndProject
Global
	GlobalSection(SolutionConfigurationPlatforms) = preSolution
		Debug|Any CPU = Debug|Any CPU
		Release|Any CPU = Release|Any CPU
	EndGlobalSection
	GlobalSection(ProjectConfigurationPlatforms) = postSolution
		{EEE120CD-90A4-4F85-AB74-04CA4AB72AC3}.Debug|Any CPU.ActiveCfg = Debug|Any CPU
		{EEE120CD-90A4-4F85-AB74-04CA4AB72AC3}.Debug|Any CPU.Build.0 = Debug|Any CPU
		{EEE120CD-90A4-4F85-AB74-04CA4AB72AC3}.Release|Any CPU.ActiveCfg = Release|Any CPU
		{EEE120CD-90A4-4F85-AB74-04CA4AB72AC3}.Release|Any CPU.Build.0 = Release|Any CPU
	EndGlobalSection
	GlobalSection(SolutionProperties) = preSolution
		HideSolutionNode = FALSE
	EndGlobalSection
EndGlobal
